
Microsoft Visual Studio Solution File, Format Version 12.00
# Visual Studio Version 17
VisualStudioVersion = 17.13.35818.85
MinimumVisualStudioVersion = 10.0.40219.1
Project("{FAE04EC0-301F-11D3-BF4B-00C04F79EFBC}") = "Runner", "Runner\Runner.csproj", "{74C4D695-EC9F-488D-AC5C-C237372273A2}"
	ProjectSection(ProjectDependencies) = postProject
		{742334E0-C8D5-4C82-8BE5-E3C75A046655} = {742334E0-C8D5-4C82-8BE5-E3C75A046655}
	EndProjectSection
EndProject
Project("{FAE04EC0-301F-11D3-BF4B-00C04F79EFBC}") = "SharedLibrary", "SharedLibrary\SharedLibrary.csproj", "{742334E0-C8D5-4C82-8BE5-E3C75A046655}"
EndProject
Project("{FAE04EC0-301F-11D3-BF4B-00C04F79EFBC}") = "Tests", "Tests\Tests.csproj", "{6D0FC8F6-D779-4BA4-9ED5-8D2107D83CBC}"
EndProject
Project("{FAE04EC0-301F-11D3-BF4B-00C04F79EFBC}") = "Exercises", "Exercises\Exercises.csproj", "{BE600CAB-464F-45BE-A750-24589F6DC6D6}"
EndProject
Global
	GlobalSection(SolutionConfigurationPlatforms) = preSolution
		Debug|Any CPU = Debug|Any CPU
		Release|Any CPU = Release|Any CPU
	EndGlobalSection
	GlobalSection(ProjectConfigurationPlatforms) = postSolution
		{74C4D695-EC9F-488D-AC5C-C237372273A2}.Debug|Any CPU.ActiveCfg = Debug|Any CPU
		{74C4D695-EC9F-488D-AC5C-C237372273A2}.Debug|Any CPU.Build.0 = Debug|Any CPU
		{74C4D695-EC9F-488D-AC5C-C237372273A2}.Release|Any CPU.ActiveCfg = Release|Any CPU
		{74C4D695-EC9F-488D-AC5C-C237372273A2}.Release|Any CPU.Build.0 = Release|Any CPU
		{742334E0-C8D5-4C82-8BE5-E3C75A046655}.Debug|Any CPU.ActiveCfg = Debug|Any CPU
		{742334E0-C8D5-4C82-8BE5-E3C75A046655}.Debug|Any CPU.Build.0 = Debug|Any CPU
		{742334E0-C8D5-4C82-8BE5-E3C75A046655}.Release|Any CPU.ActiveCfg = Release|Any CPU
		{742334E0-C8D5-4C82-8BE5-E3C75A046655}.Release|Any CPU.Build.0 = Release|Any CPU
		{6D0FC8F6-D779-4BA4-9ED5-8D2107D83CBC}.Debug|Any CPU.ActiveCfg = Debug|Any CPU
		{6D0FC8F6-D779-4BA4-9ED5-8D2107D83CBC}.Debug|Any CPU.Build.0 = Debug|Any CPU
		{6D0FC8F6-D779-4BA4-9ED5-8D2107D83CBC}.Release|Any CPU.ActiveCfg = Release|Any CPU
		{6D0FC8F6-D779-4BA4-9ED5-8D2107D83CBC}.Release|Any CPU.Build.0 = Release|Any CPU
		{BE600CAB-464F-45BE-A750-24589F6DC6D6}.Debug|Any CPU.ActiveCfg = Debug|Any CPU
		{BE600CAB-464F-45BE-A750-24589F6DC6D6}.Debug|Any CPU.Build.0 = Debug|Any CPU
		{BE600CAB-464F-45BE-A750-24589F6DC6D6}.Release|Any CPU.ActiveCfg = Release|Any CPU
		{BE600CAB-464F-45BE-A750-24589F6DC6D6}.Release|Any CPU.Build.0 = Release|Any CPU
	EndGlobalSection
	GlobalSection(SolutionProperties) = preSolution
		HideSolutionNode = FALSE
	EndGlobalSection
	GlobalSection(ExtensibilityGlobals) = postSolution
		SolutionGuid = {DAA35BD0-3656-4A2E-B992-13855113CBEF}
	EndGlobalSection
EndGlobal
